// !$*UTF8*$!
{
	archiveVersion = 1;
	classes = {
	};
	objectVersion = 48;
	objects = {

/* Begin PBXBuildFile section */
		169A973C203FE7D400AA3F06 /* AppDelegate.m in Sources */ = {isa = PBXBuildFile; fileRef = 169A973B203FE7D400AA3F06 /* AppDelegate.m */; };
		169A973F203FE7D400AA3F06 /* ViewController.m in Sources */ = {isa = PBXBuildFile; fileRef = 169A973E203FE7D400AA3F06 /* ViewController.m */; };
		169A9742203FE7D400AA3F06 /* Main.storyboard in Resources */ = {isa = PBXBuildFile; fileRef = 169A9740203FE7D400AA3F06 /* Main.storyboard */; };
		169A9744203FE7D400AA3F06 /* Assets.xcassets in Resources */ = {isa = PBXBuildFile; fileRef = 169A9743203FE7D400AA3F06 /* Assets.xcassets */; };
		169A9747203FE7D400AA3F06 /* LaunchScreen.storyboard in Resources */ = {isa = PBXBuildFile; fileRef = 169A9745203FE7D400AA3F06 /* LaunchScreen.storyboard */; };
		169A974A203FE7D400AA3F06 /* main.m in Sources */ = {isa = PBXBuildFile; fileRef = 169A9749203FE7D400AA3F06 /* main.m */; };
		169A9754203FE7D400AA3F06 /* VoiceFilterTests.m in Sources */ = {isa = PBXBuildFile; fileRef = 169A9753203FE7D400AA3F06 /* VoiceFilterTests.m */; };
		169A975F203FE7D400AA3F06 /* VoiceFilterUITests.m in Sources */ = {isa = PBXBuildFile; fileRef = 169A975E203FE7D400AA3F06 /* VoiceFilterUITests.m */; };
		16AD9F5220478CD500E15535 /* VoiceFilter.m in Sources */ = {isa = PBXBuildFile; fileRef = 16AD9F5120478CD500E15535 /* VoiceFilter.m */; };
		16AD9F5520478D2200E15535 /* VoiceTelegraph.m in Sources */ = {isa = PBXBuildFile; fileRef = 16AD9F5420478D2200E15535 /* VoiceTelegraph.m */; };
/* End PBXBuildFile section */

/* Begin PBXContainerItemProxy section */
		169A9750203FE7D400AA3F06 /* PBXContainerItemProxy */ = {
			isa = PBXContainerItemProxy;
			containerPortal = 169A972F203FE7D400AA3F06 /* Project object */;
			proxyType = 1;
			remoteGlobalIDString = 169A9736203FE7D400AA3F06;
			remoteInfo = VoiceFilter;
		};
		169A975B203FE7D400AA3F06 /* PBXContainerItemProxy */ = {
			isa = PBXContainerItemProxy;
			containerPortal = 169A972F203FE7D400AA3F06 /* Project object */;
			proxyType = 1;
			remoteGlobalIDString = 169A9736203FE7D400AA3F06;
			remoteInfo = VoiceFilter;
		};
/* End PBXContainerItemProxy section */

/* Begin PBXFileReference section */
		169A9737203FE7D400AA3F06 /* VoiceFilter.app */ = {isa = PBXFileReference; explicitFileType = wrapper.application; includeInIndex = 0; path = VoiceFilter.app; sourceTree = BUILT_PRODUCTS_DIR; };
		169A973A203FE7D400AA3F06 /* AppDelegate.h */ = {isa = PBXFileReference; lastKnownFileType = sourcecode.c.h; path = AppDelegate.h; sourceTree = "<group>"; };
		169A973B203FE7D400AA3F06 /* AppDelegate.m */ = {isa = PBXFileReference; lastKnownFileType = sourcecode.c.objc; path = AppDelegate.m; sourceTree = "<group>"; };
		169A973D203FE7D400AA3F06 /* ViewController.h */ = {isa = PBXFileReference; lastKnownFileType = sourcecode.c.h; path = ViewController.h; sourceTree = "<group>"; };
		169A973E203FE7D400AA3F06 /* ViewController.m */ = {isa = PBXFileReference; lastKnownFileType = sourcecode.c.objc; path = ViewController.m; sourceTree = "<group>"; };
		169A9741203FE7D400AA3F06 /* Base */ = {isa = PBXFileReference; lastKnownFileType = file.storyboard; name = Base; path = Base.lproj/Main.storyboard; sourceTree = "<group>"; };
		169A9743203FE7D400AA3F06 /* Assets.xcassets */ = {isa = PBXFileReference; lastKnownFileType = folder.assetcatalog; path = Assets.xcassets; sourceTree = "<group>"; };
		169A9746203FE7D400AA3F06 /* Base */ = {isa = PBXFileReference; lastKnownFileType = file.storyboard; name = Base; path = Base.lproj/LaunchScreen.storyboard; sourceTree = "<group>"; };
		169A9748203FE7D400AA3F06 /* Info.plist */ = {isa = PBXFileReference; lastKnownFileType = text.plist.xml; path = Info.plist; sourceTree = "<group>"; };
		169A9749203FE7D400AA3F06 /* main.m */ = {isa = PBXFileReference; lastKnownFileType = sourcecode.c.objc; path = main.m; sourceTree = "<group>"; };
		169A974F203FE7D400AA3F06 /* VoiceFilterTests.xctest */ = {isa = PBXFileReference; explicitFileType = wrapper.cfbundle; includeInIndex = 0; path = VoiceFilterTests.xctest; sourceTree = BUILT_PRODUCTS_DIR; };
		169A9753203FE7D400AA3F06 /* VoiceFilterTests.m */ = {isa = PBXFileReference; lastKnownFileType = sourcecode.c.objc; path = VoiceFilterTests.m; sourceTree = "<group>"; };
		169A9755203FE7D400AA3F06 /* Info.plist */ = {isa = PBXFileReference; lastKnownFileType = text.plist.xml; path = Info.plist; sourceTree = "<group>"; };
		169A975A203FE7D400AA3F06 /* VoiceFilterUITests.xctest */ = {isa = PBXFileReference; explicitFileType = wrapper.cfbundle; includeInIndex = 0; path = VoiceFilterUITests.xctest; sourceTree = BUILT_PRODUCTS_DIR; };
		169A975E203FE7D400AA3F06 /* VoiceFilterUITests.m */ = {isa = PBXFileReference; lastKnownFileType = sourcecode.c.objc; path = VoiceFilterUITests.m; sourceTree = "<group>"; };
		169A9760203FE7D400AA3F06 /* Info.plist */ = {isa = PBXFileReference; lastKnownFileType = text.plist.xml; path = Info.plist; sourceTree = "<group>"; };
		16AD9F5020478CD500E15535 /* VoiceFilter.h */ = {isa = PBXFileReference; lastKnownFileType = sourcecode.c.h; path = VoiceFilter.h; sourceTree = "<group>"; };
		16AD9F5120478CD500E15535 /* VoiceFilter.m */ = {isa = PBXFileReference; lastKnownFileType = sourcecode.c.objc; path = VoiceFilter.m; sourceTree = "<group>"; };
		16AD9F5320478D2200E15535 /* VoiceTelegraph.h */ = {isa = PBXFileReference; lastKnownFileType = sourcecode.c.h; path = VoiceTelegraph.h; sourceTree = "<group>"; };
		16AD9F5420478D2200E15535 /* VoiceTelegraph.m */ = {isa = PBXFileReference; lastKnownFileType = sourcecode.c.objc; path = VoiceTelegraph.m; sourceTree = "<group>"; };
/* End PBXFileReference section */

/* Begin PBXFrameworksBuildPhase section */
		169A9734203FE7D400AA3F06 /* Frameworks */ = {
			isa = PBXFrameworksBuildPhase;
			buildActionMask = 2147483647;
			files = (
			);
			runOnlyForDeploymentPostprocessing = 0;
		};
		169A974C203FE7D400AA3F06 /* Frameworks */ = {
			isa = PBXFrameworksBuildPhase;
			buildActionMask = 2147483647;
			files = (
			);
			runOnlyForDeploymentPostprocessing = 0;
		};
		169A9757203FE7D400AA3F06 /* Frameworks */ = {
			isa = PBXFrameworksBuildPhase;
			buildActionMask = 2147483647;
			files = (
			);
			runOnlyForDeploymentPostprocessing = 0;
		};
/* End PBXFrameworksBuildPhase section */

/* Begin PBXGroup section */
		168DFEEC204D8FE300A3EE18 /* Nearby */ = {
			isa = PBXGroup;
			children = (
			);
			path = Nearby;
			sourceTree = "<group>";
		};
		169A972E203FE7D400AA3F06 = {
			isa = PBXGroup;
			children = (
				169A9739203FE7D400AA3F06 /* VoiceFilter */,
				169A9752203FE7D400AA3F06 /* VoiceFilterTests */,
				169A975D203FE7D400AA3F06 /* VoiceFilterUITests */,
				169A9738203FE7D400AA3F06 /* Products */,
			);
			sourceTree = "<group>";
		};
		169A9738203FE7D400AA3F06 /* Products */ = {
			isa = PBXGroup;
			children = (
				169A9737203FE7D400AA3F06 /* VoiceFilter.app */,
				169A974F203FE7D400AA3F06 /* VoiceFilterTests.xctest */,
				169A975A203FE7D400AA3F06 /* VoiceFilterUITests.xctest */,
			);
			name = Products;
			sourceTree = "<group>";
		};
		169A9739203FE7D400AA3F06 /* VoiceFilter */ = {
			isa = PBXGroup;
			children = (
				168DFEEC204D8FE300A3EE18 /* Nearby */,
				16AD9F4F20478CBA00E15535 /* VoiceFilter */,
				169A973A203FE7D400AA3F06 /* AppDelegate.h */,
				169A973B203FE7D400AA3F06 /* AppDelegate.m */,
				169A973D203FE7D400AA3F06 /* ViewController.h */,
				169A973E203FE7D400AA3F06 /* ViewController.m */,
				169A9740203FE7D400AA3F06 /* Main.storyboard */,
				169A9743203FE7D400AA3F06 /* Assets.xcassets */,
				169A9745203FE7D400AA3F06 /* LaunchScreen.storyboard */,
				169A9748203FE7D400AA3F06 /* Info.plist */,
				169A9749203FE7D400AA3F06 /* main.m */,
			);
			path = VoiceFilter;
			sourceTree = "<group>";
		};
		169A9752203FE7D400AA3F06 /* VoiceFilterTests */ = {
			isa = PBXGroup;
			children = (
				169A9753203FE7D400AA3F06 /* VoiceFilterTests.m */,
				169A9755203FE7D400AA3F06 /* Info.plist */,
			);
			path = VoiceFilterTests;
			sourceTree = "<group>";
		};
		169A975D203FE7D400AA3F06 /* VoiceFilterUITests */ = {
			isa = PBXGroup;
			children = (
				169A975E203FE7D400AA3F06 /* VoiceFilterUITests.m */,
				169A9760203FE7D400AA3F06 /* Info.plist */,
			);
			path = VoiceFilterUITests;
			sourceTree = "<group>";
		};
		16AD9F4F20478CBA00E15535 /* VoiceFilter */ = {
			isa = PBXGroup;
			children = (
				16AD9F5020478CD500E15535 /* VoiceFilter.h */,
				16AD9F5120478CD500E15535 /* VoiceFilter.m */,
				16AD9F5320478D2200E15535 /* VoiceTelegraph.h */,
				16AD9F5420478D2200E15535 /* VoiceTelegraph.m */,
			);
			path = VoiceFilter;
			sourceTree = "<group>";
		};
/* End PBXGroup section */

/* Begin PBXNativeTarget section */
		169A9736203FE7D400AA3F06 /* VoiceFilter */ = {
			isa = PBXNativeTarget;
			buildConfigurationList = 169A9763203FE7D400AA3F06 /* Build configuration list for PBXNativeTarget "VoiceFilter" */;
			buildPhases = (
				169A9733203FE7D400AA3F06 /* Sources */,
				169A9734203FE7D400AA3F06 /* Frameworks */,
				169A9735203FE7D400AA3F06 /* Resources */,
			);
			buildRules = (
			);
			dependencies = (
			);
			name = VoiceFilter;
			productName = VoiceFilter;
			productReference = 169A9737203FE7D400AA3F06 /* VoiceFilter.app */;
			productType = "com.apple.product-type.application";
		};
		169A974E203FE7D400AA3F06 /* VoiceFilterTests */ = {
			isa = PBXNativeTarget;
			buildConfigurationList = 169A9766203FE7D400AA3F06 /* Build configuration list for PBXNativeTarget "VoiceFilterTests" */;
			buildPhases = (
				169A974B203FE7D400AA3F06 /* Sources */,
				169A974C203FE7D400AA3F06 /* Frameworks */,
				169A974D203FE7D400AA3F06 /* Resources */,
			);
			buildRules = (
			);
			dependencies = (
				169A9751203FE7D400AA3F06 /* PBXTargetDependency */,
			);
			name = VoiceFilterTests;
			productName = VoiceFilterTests;
			productReference = 169A974F203FE7D400AA3F06 /* VoiceFilterTests.xctest */;
			productType = "com.apple.product-type.bundle.unit-test";
		};
		169A9759203FE7D400AA3F06 /* VoiceFilterUITests */ = {
			isa = PBXNativeTarget;
			buildConfigurationList = 169A9769203FE7D400AA3F06 /* Build configuration list for PBXNativeTarget "VoiceFilterUITests" */;
			buildPhases = (
				169A9756203FE7D400AA3F06 /* Sources */,
				169A9757203FE7D400AA3F06 /* Frameworks */,
				169A9758203FE7D400AA3F06 /* Resources */,
			);
			buildRules = (
			);
			dependencies = (
				169A975C203FE7D400AA3F06 /* PBXTargetDependency */,
			);
			name = VoiceFilterUITests;
			productName = VoiceFilterUITests;
			productReference = 169A975A203FE7D400AA3F06 /* VoiceFilterUITests.xctest */;
			productType = "com.apple.product-type.bundle.ui-testing";
		};
/* End PBXNativeTarget section */

/* Begin PBXProject section */
		169A972F203FE7D400AA3F06 /* Project object */ = {
			isa = PBXProject;
			attributes = {
				LastUpgradeCheck = 0920;
				ORGANIZATIONNAME = ccSunday;
				TargetAttributes = {
					169A9736203FE7D400AA3F06 = {
						CreatedOnToolsVersion = 9.2;
						ProvisioningStyle = Automatic;
					};
					169A974E203FE7D400AA3F06 = {
						CreatedOnToolsVersion = 9.2;
						ProvisioningStyle = Automatic;
						TestTargetID = 169A9736203FE7D400AA3F06;
					};
					169A9759203FE7D400AA3F06 = {
						CreatedOnToolsVersion = 9.2;
						ProvisioningStyle = Automatic;
						TestTargetID = 169A9736203FE7D400AA3F06;
					};
				};
			};
			buildConfigurationList = 169A9732203FE7D400AA3F06 /* Build configuration list for PBXProject "VoiceFilter" */;
			compatibilityVersion = "Xcode 8.0";
			developmentRegion = en;
			hasScannedForEncodings = 0;
			knownRegions = (
				en,
				Base,
			);
			mainGroup = 169A972E203FE7D400AA3F06;
			productRefGroup = 169A9738203FE7D400AA3F06 /* Products */;
			projectDirPath = "";
			projectRoot = "";
			targets = (
				169A9736203FE7D400AA3F06 /* VoiceFilter */,
				169A974E203FE7D400AA3F06 /* VoiceFilterTests */,
				169A9759203FE7D400AA3F06 /* VoiceFilterUITests */,
			);
		};
/* End PBXProject section */

/* Begin PBXResourcesBuildPhase section */
		169A9735203FE7D400AA3F06 /* Resources */ = {
			isa = PBXResourcesBuildPhase;
			buildActionMask = 2147483647;
			files = (
				169A9747203FE7D400AA3F06 /* LaunchScreen.storyboard in Resources */,
				169A9744203FE7D400AA3F06 /* Assets.xcassets in Resources */,
				169A9742203FE7D400AA3F06 /* Main.storyboard in Resources */,
			);
			runOnlyForDeploymentPostprocessing = 0;
		};
		169A974D203FE7D400AA3F06 /* Resources */ = {
			isa = PBXResourcesBuildPhase;
			buildActionMask = 2147483647;
			files = (
			);
			runOnlyForDeploymentPostprocessing = 0;
		};
		169A9758203FE7D400AA3F06 /* Resources */ = {
			isa = PBXResourcesBuildPhase;
			buildActionMask = 2147483647;
			files = (
			);
			runOnlyForDeploymentPostprocessing = 0;
		};
/* End PBXResourcesBuildPhase section */

/* Begin PBXSourcesBuildPhase section */
		169A9733203FE7D400AA3F06 /* Sources */ = {
			isa = PBXSourcesBuildPhase;
			buildActionMask = 2147483647;
			files = (
				16AD9F5520478D2200E15535 /* VoiceTelegraph.m in Sources */,
				16AD9F5220478CD500E15535 /* VoiceFilter.m in Sources */,
				169A973F203FE7D400AA3F06 /* ViewController.m in Sources */,
				169A974A203FE7D400AA3F06 /* main.m in Sources */,
				169A973C203FE7D400AA3F06 /* AppDelegate.m in Sources */,
			);
			runOnlyForDeploymentPostprocessing = 0;
		};
		169A974B203FE7D400AA3F06 /* Sources */ = {
			isa = PBXSourcesBuildPhase;
			buildActionMask = 2147483647;
			files = (
				169A9754203FE7D400AA3F06 /* VoiceFilterTests.m in Sources */,
			);
			runOnlyForDeploymentPostprocessing = 0;
		};
		169A9756203FE7D400AA3F06 /* Sources */ = {
			isa = PBXSourcesBuildPhase;
			buildActionMask = 2147483647;
			files = (
				169A975F203FE7D400AA3F06 /* VoiceFilterUITests.m in Sources */,
			);
			runOnlyForDeploymentPostprocessing = 0;
		};
/* End PBXSourcesBuildPhase section */

/* Begin PBXTargetDependency section */
		169A9751203FE7D400AA3F06 /* PBXTargetDependency */ = {
			isa = PBXTargetDependency;
			target = 169A9736203FE7D400AA3F06 /* VoiceFilter */;
			targetProxy = 169A9750203FE7D400AA3F06 /* PBXContainerItemProxy */;
		};
		169A975C203FE7D400AA3F06 /* PBXTargetDependency */ = {
			isa = PBXTargetDependency;
			target = 169A9736203FE7D400AA3F06 /* VoiceFilter */;
			targetProxy = 169A975B203FE7D400AA3F06 /* PBXContainerItemProxy */;
		};
/* End PBXTargetDependency section */

/* Begin PBXVariantGroup section */
		169A9740203FE7D400AA3F06 /* Main.storyboard */ = {
			isa = PBXVariantGroup;
			children = (
				169A9741203FE7D400AA3F06 /* Base */,
			);
			name = Main.storyboard;
			sourceTree = "<group>";
		};
		169A9745203FE7D400AA3F06 /* LaunchScreen.storyboard */ = {
			isa = PBXVariantGroup;
			children = (
				169A9746203FE7D400AA3F06 /* Base */,
			);
			name = LaunchScreen.storyboard;
			sourceTree = "<group>";
		};
/* End PBXVariantGroup section */

/* Begin XCBuildConfiguration section */
		169A9761203FE7D400AA3F06 /* Debug */ = {
			isa = XCBuildConfiguration;
			buildSettings = {
				ALWAYS_SEARCH_USER_PATHS = NO;
				CLANG_ANALYZER_NONNULL = YES;
				CLANG_ANALYZER_NUMBER_OBJECT_CONVERSION = YES_AGGRESSIVE;
				CLANG_CXX_LANGUAGE_STANDARD = "gnu++14";
				CLANG_CXX_LIBRARY = "libc++";
				CLANG_ENABLE_MODULES = YES;
				CLANG_ENABLE_OBJC_ARC = YES;
				CLANG_WARN_BLOCK_CAPTURE_AUTORELEASING = YES;
				CLANG_WARN_BOOL_CONVERSION = YES;
				CLANG_WARN_COMMA = YES;
				CLANG_WARN_CONSTANT_CONVERSION = YES;
				CLANG_WARN_DIRECT_OBJC_ISA_USAGE = YES_ERROR;
				CLANG_WARN_DOCUMENTATION_COMMENTS = YES;
				CLANG_WARN_EMPTY_BODY = YES;
				CLANG_WARN_ENUM_CONVERSION = YES;
				CLANG_WARN_INFINITE_RECURSION = YES;
				CLANG_WARN_INT_CONVERSION = YES;
				CLANG_WARN_NON_LITERAL_NULL_CONVERSION = YES;
				CLANG_WARN_OBJC_LITERAL_CONVERSION = YES;
				CLANG_WARN_OBJC_ROOT_CLASS = YES_ERROR;
				CLANG_WARN_RANGE_LOOP_ANALYSIS = YES;
				CLANG_WARN_STRICT_PROTOTYPES = YES;
				CLANG_WARN_SUSPICIOUS_MOVE = YES;
				CLANG_WARN_UNGUARDED_AVAILABILITY = YES_AGGRESSIVE;
				CLANG_WARN_UNREACHABLE_CODE = YES;
				CLANG_WARN__DUPLICATE_METHOD_MATCH = YES;
				CODE_SIGN_IDENTITY = "iPhone Developer";
				COPY_PHASE_STRIP = NO;
				DEBUG_INFORMATION_FORMAT = dwarf;
				ENABLE_STRICT_OBJC_MSGSEND = YES;
				ENABLE_TESTABILITY = YES;
				GCC_C_LANGUAGE_STANDARD = gnu11;
				GCC_DYNAMIC_NO_PIC = NO;
				GCC_NO_COMMON_BLOCKS = YES;
				GCC_OPTIMIZATION_LEVEL = 0;
				GCC_PREPROCESSOR_DEFINITIONS = (
					"DEBUG=1",
					"$(inherited)",
				);
				GCC_WARN_64_TO_32_BIT_CONVERSION = YES;
				GCC_WARN_ABOUT_RETURN_TYPE = YES_ERROR;
				GCC_WARN_UNDECLARED_SELECTOR = YES;
				GCC_WARN_UNINITIALIZED_AUTOS = YES_AGGRESSIVE;
				GCC_WARN_UNUSED_FUNCTION = YES;
				GCC_WARN_UNUSED_VARIABLE = YES;
				IPHONEOS_DEPLOYMENT_TARGET = 11.2;
				MTL_ENABLE_DEBUG_INFO = YES;
				ONLY_ACTIVE_ARCH = YES;
				SDKROOT = iphoneos;
			};
			name = Debug;
		};
		169A9762203FE7D400AA3F06 /* Release */ = {
			isa = XCBuildConfiguration;
			buildSettings = {
				ALWAYS_SEARCH_USER_PATHS = NO;
				CLANG_ANALYZER_NONNULL = YES;
				CLANG_ANALYZER_NUMBER_OBJECT_CONVERSION = YES_AGGRESSIVE;
				CLANG_CXX_LANGUAGE_STANDARD = "gnu++14";
				CLANG_CXX_LIBRARY = "libc++";
				CLANG_ENABLE_MODULES = YES;
				CLANG_ENABLE_OBJC_ARC = YES;
				CLANG_WARN_BLOCK_CAPTURE_AUTORELEASING = YES;
				CLANG_WARN_BOOL_CONVERSION = YES;
				CLANG_WARN_COMMA = YES;
				CLANG_WARN_CONSTANT_CONVERSION = YES;
				CLANG_WARN_DIRECT_OBJC_ISA_USAGE = YES_ERROR;
				CLANG_WARN_DOCUMENTATION_COMMENTS = YES;
				CLANG_WARN_EMPTY_BODY = YES;
				CLANG_WARN_ENUM_CONVERSION = YES;
				CLANG_WARN_INFINITE_RECURSION = YES;
				CLANG_WARN_INT_CONVERSION = YES;
				CLANG_WARN_NON_LITERAL_NULL_CONVERSION = YES;
				CLANG_WARN_OBJC_LITERAL_CONVERSION = YES;
				CLANG_WARN_OBJC_ROOT_CLASS = YES_ERROR;
				CLANG_WARN_RANGE_LOOP_ANALYSIS = YES;
				CLANG_WARN_STRICT_PROTOTYPES = YES;
				CLANG_WARN_SUSPICIOUS_MOVE = YES;
				CLANG_WARN_UNGUARDED_AVAILABILITY = YES_AGGRESSIVE;
				CLANG_WARN_UNREACHABLE_CODE = YES;
				CLANG_WARN__DUPLICATE_METHOD_MATCH = YES;
				CODE_SIGN_IDENTITY = "iPhone Developer";
				COPY_PHASE_STRIP = NO;
				DEBUG_INFORMATION_FORMAT = "dwarf-with-dsym";
				ENABLE_NS_ASSERTIONS = NO;
				ENABLE_STRICT_OBJC_MSGSEND = YES;
				GCC_C_LANGUAGE_STANDARD = gnu11;
				GCC_NO_COMMON_BLOCKS = YES;
				GCC_WARN_64_TO_32_BIT_CONVERSION = YES;
				GCC_WARN_ABOUT_RETURN_TYPE = YES_ERROR;
				GCC_WARN_UNDECLARED_SELECTOR = YES;
				GCC_WARN_UNINITIALIZED_AUTOS = YES_AGGRESSIVE;
				GCC_WARN_UNUSED_FUNCTION = YES;
				GCC_WARN_UNUSED_VARIABLE = YES;
				IPHONEOS_DEPLOYMENT_TARGET = 11.2;
				MTL_ENABLE_DEBUG_INFO = NO;
				SDKROOT = iphoneos;
				VALIDATE_PRODUCT = YES;
			};
			name = Release;
		};
		169A9764203FE7D400AA3F06 /* Debug */ = {
			isa = XCBuildConfiguration;
			buildSettings = {
				ASSETCATALOG_COMPILER_APPICON_NAME = AppIcon;
				CODE_SIGN_STYLE = Automatic;
				DEVELOPMENT_TEAM = RU8Q2UZGJG;
				INFOPLIST_FILE = VoiceFilter/Info.plist;
				IPHONEOS_DEPLOYMENT_TARGET = 10.0;
				LD_RUNPATH_SEARCH_PATHS = "$(inherited) @executable_path/Frameworks";
				PRODUCT_BUNDLE_IDENTIFIER = com.lionbridge.help.VoiceFilter;
				PRODUCT_NAME = "$(TARGET_NAME)";
				TARGETED_DEVICE_FAMILY = "1,2";
			};
			name = Debug;
		};
		169A9765203FE7D400AA3F06 /* Release */ = {
			isa = XCBuildConfiguration;
			buildSettings = {
				ASSETCATALOG_COMPILER_APPICON_NAME = AppIcon;
				CODE_SIGN_STYLE = Automatic;
				DEVELOPMENT_TEAM = RU8Q2UZGJG;
				INFOPLIST_FILE = VoiceFilter/Info.plist;
				IPHONEOS_DEPLOYMENT_TARGET = 10.0;
				LD_RUNPATH_SEARCH_PATHS = "$(inherited) @executable_path/Frameworks";
				PRODUCT_BUNDLE_IDENTIFIER = com.lionbridge.help.VoiceFilter;
				PRODUCT_NAME = "$(TARGET_NAME)";
				TARGETED_DEVICE_FAMILY = "1,2";
			};
			name = Release;
		};
		169A9767203FE7D400AA3F06 /* Debug */ = {
			isa = XCBuildConfiguration;
			buildSettings = {
				BUNDLE_LOADER = "$(TEST_HOST)";
				CODE_SIGN_STYLE = Automatic;
				INFOPLIST_FILE = VoiceFilterTests/Info.plist;
				LD_RUNPATH_SEARCH_PATHS = "$(inherited) @executable_path/Frameworks @loader_path/Frameworks";
				PRODUCT_BUNDLE_IDENTIFIER = com.lionbridge.help.VoiceFilterTests;
				PRODUCT_NAME = "$(TARGET_NAME)";
				TARGETED_DEVICE_FAMILY = "1,2";
				TEST_HOST = "$(BUILT_PRODUCTS_DIR)/VoiceFilter.app/VoiceFilter";
			};
			name = Debug;
		};
		169A9768203FE7D400AA3F06 /* Release */ = {
			isa = XCBuildConfiguration;
			buildSettings = {
				BUNDLE_LOADER = "$(TEST_HOST)";
				CODE_SIGN_STYLE = Automatic;
				INFOPLIST_FILE = VoiceFilterTests/Info.plist;
				LD_RUNPATH_SEARCH_PATHS = "$(inherited) @executable_path/Frameworks @loader_path/Frameworks";
				PRODUCT_BUNDLE_IDENTIFIER = com.lionbridge.help.VoiceFilterTests;
				PRODUCT_NAME = "$(TARGET_NAME)";
				TARGETED_DEVICE_FAMILY = "1,2";
				TEST_HOST = "$(BUILT_PRODUCTS_DIR)/VoiceFilter.app/VoiceFilter";
			};
			name = Release;
		};
		169A976A203FE7D400AA3F06 /* Debug */ = {
			isa = XCBuildConfiguration;
			buildSettings = {
				CODE_SIGN_STYLE = Automatic;
				INFOPLIST_FILE = VoiceFilterUITests/Info.plist;
				LD_RUNPATH_SEARCH_PATHS = "$(inherited) @executable_path/Frameworks @loader_path/Frameworks";
				PRODUCT_BUNDLE_IDENTIFIER = com.lionbridge.help.VoiceFilterUITests;
				PRODUCT_NAME = "$(TARGET_NAME)";
				TARGETED_DEVICE_FAMILY = "1,2";
				TEST_TARGET_NAME = VoiceFilter;
			};
			name = Debug;
		};
		169A976B203FE7D400AA3F06 /* Release */ = {
			isa = XCBuildConfiguration;
			buildSettings = {
				CODE_SIGN_STYLE = Automatic;
				INFOPLIST_FILE = VoiceFilterUITests/Info.plist;
				LD_RUNPATH_SEARCH_PATHS = "$(inherited) @executable_path/Frameworks @loader_path/Frameworks";
				PRODUCT_BUNDLE_IDENTIFIER = com.lionbridge.help.VoiceFilterUITests;
				PRODUCT_NAME = "$(TARGET_NAME)";
				TARGETED_DEVICE_FAMILY = "1,2";
				TEST_TARGET_NAME = VoiceFilter;
			};
			name = Release;
		};
/* End XCBuildConfiguration section */

/* Begin XCConfigurationList section */
		169A9732203FE7D400AA3F06 /* Build configuration list for PBXProject "VoiceFilter" */ = {
			isa = XCConfigurationList;
			buildConfigurations = (
				169A9761203FE7D400AA3F06 /* Debug */,
				169A9762203FE7D400AA3F06 /* Release */,
			);
			defaultConfigurationIsVisible = 0;
			defaultConfigurationName = Release;
		};
		169A9763203FE7D400AA3F06 /* Build configuration list for PBXNativeTarget "VoiceFilter" */ = {
			isa = XCConfigurationList;
			buildConfigurations = (
				169A9764203FE7D400AA3F06 /* Debug */,
				169A9765203FE7D400AA3F06 /* Release */,
			);
			defaultConfigurationIsVisible = 0;
			defaultConfigurationName = Release;
		};
		169A9766203FE7D400AA3F06 /* Build configuration list for PBXNativeTarget "VoiceFilterTests" */ = {
			isa = XCConfigurationList;
			buildConfigurations = (
				169A9767203FE7D400AA3F06 /* Debug */,
				169A9768203FE7D400AA3F06 /* Release */,
			);
			defaultConfigurationIsVisible = 0;
			defaultConfigurationName = Release;
		};
		169A9769203FE7D400AA3F06 /* Build configuration list for PBXNativeTarget "VoiceFilterUITests" */ = {
			isa = XCConfigurationList;
			buildConfigurations = (
				169A976A203FE7D400AA3F06 /* Debug */,
				169A976B203FE7D400AA3F06 /* Release */,
			);
			defaultConfigurationIsVisible = 0;
			defaultConfigurationName = Release;
		};
/* End XCConfigurationList section */
	};
	rootObject = 169A972F203FE7D400AA3F06 /* Project object */;
}
